// !$*UTF8*$!
{
	archiveVersion = 1;
	classes = {
	};
	objectVersion = 56;
	objects = {

/* Begin PBXBuildFile section */
		0E46674D293A42FA004C6578 /* Utilities.swift in Sources */ = {isa = PBXBuildFile; fileRef = 0E46674C293A42FA004C6578 /* Utilities.swift */; };
		0E46674F293A52A8004C6578 /* Error.swift in Sources */ = {isa = PBXBuildFile; fileRef = 0E46674E293A52A8004C6578 /* Error.swift */; };
		0E466751293A52B7004C6578 /* EndPoint.swift in Sources */ = {isa = PBXBuildFile; fileRef = 0E466750293A52B7004C6578 /* EndPoint.swift */; };
		0E466753293A52DB004C6578 /* Service.swift in Sources */ = {isa = PBXBuildFile; fileRef = 0E466752293A52DB004C6578 /* Service.swift */; };
		0E466755293A5481004C6578 /* MovieViewModel.swift in Sources */ = {isa = PBXBuildFile; fileRef = 0E466754293A5481004C6578 /* MovieViewModel.swift */; };
		0E466757293A5E1A004C6578 /* DetailsView.swift in Sources */ = {isa = PBXBuildFile; fileRef = 0E466756293A5E1A004C6578 /* DetailsView.swift */; };
		0E466759293A62F6004C6578 /* Color.swift in Sources */ = {isa = PBXBuildFile; fileRef = 0E466758293A62F6004C6578 /* Color.swift */; };
		0E46675B293A6DE6004C6578 /* ImageClient.swift in Sources */ = {isa = PBXBuildFile; fileRef = 0E46675A293A6DE6004C6578 /* ImageClient.swift */; };
		0E954AF6292E14960089CCE8 /* AppDelegate.swift in Sources */ = {isa = PBXBuildFile; fileRef = 0E954AF5292E14960089CCE8 /* AppDelegate.swift */; };
		0E954AF8292E14960089CCE8 /* SceneDelegate.swift in Sources */ = {isa = PBXBuildFile; fileRef = 0E954AF7292E14960089CCE8 /* SceneDelegate.swift */; };
		0E954AFF292E14970089CCE8 /* Assets.xcassets in Resources */ = {isa = PBXBuildFile; fileRef = 0E954AFE292E14970089CCE8 /* Assets.xcassets */; };
		0E954B02292E14970089CCE8 /* LaunchScreen.storyboard in Resources */ = {isa = PBXBuildFile; fileRef = 0E954B00292E14970089CCE8 /* LaunchScreen.storyboard */; };
		0E954B0F292E15E00089CCE8 /* MainView.swift in Sources */ = {isa = PBXBuildFile; fileRef = 0E954B0E292E15E00089CCE8 /* MainView.swift */; };
		0E954B122930CFE60089CCE8 /* SnapKit in Frameworks */ = {isa = PBXBuildFile; productRef = 0E954B112930CFE60089CCE8 /* SnapKit */; };
		0E954B152930D00E0089CCE8 /* RxCocoa in Frameworks */ = {isa = PBXBuildFile; productRef = 0E954B142930D00E0089CCE8 /* RxCocoa */; };
		0E954B172930D00E0089CCE8 /* RxSwift in Frameworks */ = {isa = PBXBuildFile; productRef = 0E954B162930D00E0089CCE8 /* RxSwift */; };
		0E954B192930DBE50089CCE8 /* Movie.swift in Sources */ = {isa = PBXBuildFile; fileRef = 0E954B182930DBE50089CCE8 /* Movie.swift */; };
/* End PBXBuildFile section */

/* Begin PBXFileReference section */
		0E46674C293A42FA004C6578 /* Utilities.swift */ = {isa = PBXFileReference; lastKnownFileType = sourcecode.swift; path = Utilities.swift; sourceTree = "<group>"; };
		0E46674E293A52A8004C6578 /* Error.swift */ = {isa = PBXFileReference; lastKnownFileType = sourcecode.swift; path = Error.swift; sourceTree = "<group>"; };
		0E466750293A52B7004C6578 /* EndPoint.swift */ = {isa = PBXFileReference; lastKnownFileType = sourcecode.swift; path = EndPoint.swift; sourceTree = "<group>"; };
		0E466752293A52DB004C6578 /* Service.swift */ = {isa = PBXFileReference; lastKnownFileType = sourcecode.swift; path = Service.swift; sourceTree = "<group>"; };
		0E466754293A5481004C6578 /* MovieViewModel.swift */ = {isa = PBXFileReference; lastKnownFileType = sourcecode.swift; path = MovieViewModel.swift; sourceTree = "<group>"; };
		0E466756293A5E1A004C6578 /* DetailsView.swift */ = {isa = PBXFileReference; lastKnownFileType = sourcecode.swift; path = DetailsView.swift; sourceTree = "<group>"; };
		0E466758293A62F6004C6578 /* Color.swift */ = {isa = PBXFileReference; lastKnownFileType = sourcecode.swift; path = Color.swift; sourceTree = "<group>"; };
		0E46675A293A6DE6004C6578 /* ImageClient.swift */ = {isa = PBXFileReference; lastKnownFileType = sourcecode.swift; path = ImageClient.swift; sourceTree = "<group>"; };
		0E954AF2292E14960089CCE8 /* MovieInfo.app */ = {isa = PBXFileReference; explicitFileType = wrapper.application; includeInIndex = 0; path = MovieInfo.app; sourceTree = BUILT_PRODUCTS_DIR; };
		0E954AF5292E14960089CCE8 /* AppDelegate.swift */ = {isa = PBXFileReference; lastKnownFileType = sourcecode.swift; path = AppDelegate.swift; sourceTree = "<group>"; };
		0E954AF7292E14960089CCE8 /* SceneDelegate.swift */ = {isa = PBXFileReference; lastKnownFileType = sourcecode.swift; path = SceneDelegate.swift; sourceTree = "<group>"; };
		0E954AFE292E14970089CCE8 /* Assets.xcassets */ = {isa = PBXFileReference; lastKnownFileType = folder.assetcatalog; path = Assets.xcassets; sourceTree = "<group>"; };
		0E954B01292E14970089CCE8 /* Base */ = {isa = PBXFileReference; lastKnownFileType = file.storyboard; name = Base; path = Base.lproj/LaunchScreen.storyboard; sourceTree = "<group>"; };
		0E954B03292E14970089CCE8 /* Info.plist */ = {isa = PBXFileReference; lastKnownFileType = text.plist.xml; path = Info.plist; sourceTree = "<group>"; };
		0E954B0E292E15E00089CCE8 /* MainView.swift */ = {isa = PBXFileReference; lastKnownFileType = sourcecode.swift; path = MainView.swift; sourceTree = "<group>"; };
		0E954B182930DBE50089CCE8 /* Movie.swift */ = {isa = PBXFileReference; lastKnownFileType = sourcecode.swift; path = Movie.swift; sourceTree = "<group>"; };
/* End PBXFileReference section */

/* Begin PBXFrameworksBuildPhase section */
		0E954AEF292E14960089CCE8 /* Frameworks */ = {
			isa = PBXFrameworksBuildPhase;
			buildActionMask = 2147483647;
			files = (
				0E954B172930D00E0089CCE8 /* RxSwift in Frameworks */,
				0E954B152930D00E0089CCE8 /* RxCocoa in Frameworks */,
				0E954B122930CFE60089CCE8 /* SnapKit in Frameworks */,
			);
			runOnlyForDeploymentPostprocessing = 0;
		};
/* End PBXFrameworksBuildPhase section */

/* Begin PBXGroup section */
		0E954AE9292E14960089CCE8 = {
			isa = PBXGroup;
			children = (
				0E954AF4292E14960089CCE8 /* MovieInfo */,
				0E954AF3292E14960089CCE8 /* Products */,
			);
			sourceTree = "<group>";
		};
		0E954AF3292E14960089CCE8 /* Products */ = {
			isa = PBXGroup;
			children = (
				0E954AF2292E14960089CCE8 /* MovieInfo.app */,
			);
			name = Products;
			sourceTree = "<group>";
		};
		0E954AF4292E14960089CCE8 /* MovieInfo */ = {
			isa = PBXGroup;
			children = (
				0E954B09292E15930089CCE8 /* App */,
				0E954B0A292E15AA0089CCE8 /* Model */,
				0E954B0C292E15B50089CCE8 /* ViewModel */,
				0E954B0B292E15AE0089CCE8 /* Views */,
				0E954B0D292E15BB0089CCE8 /* Utilities */,
				0E954B03292E14970089CCE8 /* Info.plist */,
			);
			path = MovieInfo;
			sourceTree = "<group>";
		};
		0E954B09292E15930089CCE8 /* App */ = {
			isa = PBXGroup;
			children = (
				0E954AF5292E14960089CCE8 /* AppDelegate.swift */,
				0E954AF7292E14960089CCE8 /* SceneDelegate.swift */,
				0E954AFE292E14970089CCE8 /* Assets.xcassets */,
				0E954B00292E14970089CCE8 /* LaunchScreen.storyboard */,
			);
			path = App;
			sourceTree = "<group>";
		};
		0E954B0A292E15AA0089CCE8 /* Model */ = {
			isa = PBXGroup;
			children = (
				0E954B182930DBE50089CCE8 /* Movie.swift */,
				0E46674E293A52A8004C6578 /* Error.swift */,
				0E466750293A52B7004C6578 /* EndPoint.swift */,
				0E466752293A52DB004C6578 /* Service.swift */,
				0E46675A293A6DE6004C6578 /* ImageClient.swift */,
			);
			path = Model;
			sourceTree = "<group>";
		};
		0E954B0B292E15AE0089CCE8 /* Views */ = {
			isa = PBXGroup;
			children = (
				0E954B0E292E15E00089CCE8 /* MainView.swift */,
				0E466756293A5E1A004C6578 /* DetailsView.swift */,
			);
			path = Views;
			sourceTree = "<group>";
		};
		0E954B0C292E15B50089CCE8 /* ViewModel */ = {
			isa = PBXGroup;
			children = (
				0E466754293A5481004C6578 /* MovieViewModel.swift */,
			);
			path = ViewModel;
			sourceTree = "<group>";
		};
		0E954B0D292E15BB0089CCE8 /* Utilities */ = {
			isa = PBXGroup;
			children = (
				0E46674C293A42FA004C6578 /* Utilities.swift */,
				0E466758293A62F6004C6578 /* Color.swift */,
			);
			path = Utilities;
			sourceTree = "<group>";
		};
/* End PBXGroup section */

/* Begin PBXNativeTarget section */
		0E954AF1292E14960089CCE8 /* MovieInfo */ = {
			isa = PBXNativeTarget;
			buildConfigurationList = 0E954B06292E14970089CCE8 /* Build configuration list for PBXNativeTarget "MovieInfo" */;
			buildPhases = (
				0E954AEE292E14960089CCE8 /* Sources */,
				0E954AEF292E14960089CCE8 /* Frameworks */,
				0E954AF0292E14960089CCE8 /* Resources */,
			);
			buildRules = (
			);
			dependencies = (
			);
			name = MovieInfo;
			packageProductDependencies = (
				0E954B112930CFE60089CCE8 /* SnapKit */,
				0E954B142930D00E0089CCE8 /* RxCocoa */,
				0E954B162930D00E0089CCE8 /* RxSwift */,
			);
			productName = MovieInfo;
			productReference = 0E954AF2292E14960089CCE8 /* MovieInfo.app */;
			productType = "com.apple.product-type.application";
		};
/* End PBXNativeTarget section */

/* Begin PBXProject section */
		0E954AEA292E14960089CCE8 /* Project object */ = {
			isa = PBXProject;
			attributes = {
				BuildIndependentTargetsInParallel = 1;
				LastSwiftUpdateCheck = 1400;
				LastUpgradeCheck = 1400;
				TargetAttributes = {
					0E954AF1292E14960089CCE8 = {
						CreatedOnToolsVersion = 14.0;
					};
				};
			};
			buildConfigurationList = 0E954AED292E14960089CCE8 /* Build configuration list for PBXProject "MovieInfo" */;
			compatibilityVersion = "Xcode 14.0";
			developmentRegion = en;
			hasScannedForEncodings = 0;
			knownRegions = (
				en,
				Base,
			);
			mainGroup = 0E954AE9292E14960089CCE8;
			packageReferences = (
				0E954B102930CFE60089CCE8 /* XCRemoteSwiftPackageReference "SnapKit" */,
				0E954B132930D00E0089CCE8 /* XCRemoteSwiftPackageReference "RxSwift" */,
			);
			productRefGroup = 0E954AF3292E14960089CCE8 /* Products */;
			projectDirPath = "";
			projectRoot = "";
			targets = (
				0E954AF1292E14960089CCE8 /* MovieInfo */,
			);
		};
/* End PBXProject section */

/* Begin PBXResourcesBuildPhase section */
		0E954AF0292E14960089CCE8 /* Resources */ = {
			isa = PBXResourcesBuildPhase;
			buildActionMask = 2147483647;
			files = (
				0E954B02292E14970089CCE8 /* LaunchScreen.storyboard in Resources */,
				0E954AFF292E14970089CCE8 /* Assets.xcassets in Resources */,
			);
			runOnlyForDeploymentPostprocessing = 0;
		};
/* End PBXResourcesBuildPhase section */

/* Begin PBXSourcesBuildPhase section */
		0E954AEE292E14960089CCE8 /* Sources */ = {
			isa = PBXSourcesBuildPhase;
			buildActionMask = 2147483647;
			files = (
				0E46674D293A42FA004C6578 /* Utilities.swift in Sources */,
				0E466757293A5E1A004C6578 /* DetailsView.swift in Sources */,
				0E466759293A62F6004C6578 /* Color.swift in Sources */,
				0E466755293A5481004C6578 /* MovieViewModel.swift in Sources */,
				0E466753293A52DB004C6578 /* Service.swift in Sources */,
				0E954B0F292E15E00089CCE8 /* MainView.swift in Sources */,
				0E46675B293A6DE6004C6578 /* ImageClient.swift in Sources */,
				0E466751293A52B7004C6578 /* EndPoint.swift in Sources */,
				0E954AF6292E14960089CCE8 /* AppDelegate.swift in Sources */,
				0E954AF8292E14960089CCE8 /* SceneDelegate.swift in Sources */,
				0E46674F293A52A8004C6578 /* Error.swift in Sources */,
				0E954B192930DBE50089CCE8 /* Movie.swift in Sources */,
			);
			runOnlyForDeploymentPostprocessing = 0;
		};
/* End PBXSourcesBuildPhase section */

/* Begin PBXVariantGroup section */
		0E954B00292E14970089CCE8 /* LaunchScreen.storyboard */ = {
			isa = PBXVariantGroup;
			children = (
				0E954B01292E14970089CCE8 /* Base */,
			);
			name = LaunchScreen.storyboard;
			sourceTree = "<group>";
		};
/* End PBXVariantGroup section */

/* Begin XCBuildConfiguration section */
		0E954B04292E14970089CCE8 /* Debug */ = {
			isa = XCBuildConfiguration;
			buildSettings = {
				ALWAYS_SEARCH_USER_PATHS = NO;
				CLANG_ANALYZER_NONNULL = YES;
				CLANG_ANALYZER_NUMBER_OBJECT_CONVERSION = YES_AGGRESSIVE;
				CLANG_CXX_LANGUAGE_STANDARD = "gnu++20";
				CLANG_ENABLE_MODULES = YES;
				CLANG_ENABLE_OBJC_ARC = YES;
				CLANG_ENABLE_OBJC_WEAK = YES;
				CLANG_WARN_BLOCK_CAPTURE_AUTORELEASING = YES;
				CLANG_WARN_BOOL_CONVERSION = YES;
				CLANG_WARN_COMMA = YES;
				CLANG_WARN_CONSTANT_CONVERSION = YES;
				CLANG_WARN_DEPRECATED_OBJC_IMPLEMENTATIONS = YES;
				CLANG_WARN_DIRECT_OBJC_ISA_USAGE = YES_ERROR;
				CLANG_WARN_DOCUMENTATION_COMMENTS = YES;
				CLANG_WARN_EMPTY_BODY = YES;
				CLANG_WARN_ENUM_CONVERSION = YES;
				CLANG_WARN_INFINITE_RECURSION = YES;
				CLANG_WARN_INT_CONVERSION = YES;
				CLANG_WARN_NON_LITERAL_NULL_CONVERSION = YES;
				CLANG_WARN_OBJC_IMPLICIT_RETAIN_SELF = YES;
				CLANG_WARN_OBJC_LITERAL_CONVERSION = YES;
				CLANG_WARN_OBJC_ROOT_CLASS = YES_ERROR;
				CLANG_WARN_QUOTED_INCLUDE_IN_FRAMEWORK_HEADER = YES;
				CLANG_WARN_RANGE_LOOP_ANALYSIS = YES;
				CLANG_WARN_STRICT_PROTOTYPES = YES;
				CLANG_WARN_SUSPICIOUS_MOVE = YES;
				CLANG_WARN_UNGUARDED_AVAILABILITY = YES_AGGRESSIVE;
				CLANG_WARN_UNREACHABLE_CODE = YES;
				CLANG_WARN__DUPLICATE_METHOD_MATCH = YES;
				COPY_PHASE_STRIP = NO;
				DEBUG_INFORMATION_FORMAT = dwarf;
				ENABLE_STRICT_OBJC_MSGSEND = YES;
				ENABLE_TESTABILITY = YES;
				GCC_C_LANGUAGE_STANDARD = gnu11;
				GCC_DYNAMIC_NO_PIC = NO;
				GCC_NO_COMMON_BLOCKS = YES;
				GCC_OPTIMIZATION_LEVEL = 0;
				GCC_PREPROCESSOR_DEFINITIONS = (
					"DEBUG=1",
					"$(inherited)",
				);
				GCC_WARN_64_TO_32_BIT_CONVERSION = YES;
				GCC_WARN_ABOUT_RETURN_TYPE = YES_ERROR;
				GCC_WARN_UNDECLARED_SELECTOR = YES;
				GCC_WARN_UNINITIALIZED_AUTOS = YES_AGGRESSIVE;
				GCC_WARN_UNUSED_FUNCTION = YES;
				GCC_WARN_UNUSED_VARIABLE = YES;
				IPHONEOS_DEPLOYMENT_TARGET = 16.0;
				MTL_ENABLE_DEBUG_INFO = INCLUDE_SOURCE;
				MTL_FAST_MATH = YES;
				ONLY_ACTIVE_ARCH = YES;
				SDKROOT = iphoneos;
				SWIFT_ACTIVE_COMPILATION_CONDITIONS = DEBUG;
				SWIFT_OPTIMIZATION_LEVEL = "-Onone";
			};
			name = Debug;
		};
		0E954B05292E14970089CCE8 /* Release */ = {
			isa = XCBuildConfiguration;
			buildSettings = {
				ALWAYS_SEARCH_USER_PATHS = NO;
				CLANG_ANALYZER_NONNULL = YES;
				CLANG_ANALYZER_NUMBER_OBJECT_CONVERSION = YES_AGGRESSIVE;
				CLANG_CXX_LANGUAGE_STANDARD = "gnu++20";
				CLANG_ENABLE_MODULES = YES;
				CLANG_ENABLE_OBJC_ARC = YES;
				CLANG_ENABLE_OBJC_WEAK = YES;
				CLANG_WARN_BLOCK_CAPTURE_AUTORELEASING = YES;
				CLANG_WARN_BOOL_CONVERSION = YES;
				CLANG_WARN_COMMA = YES;
				CLANG_WARN_CONSTANT_CONVERSION = YES;
				CLANG_WARN_DEPRECATED_OBJC_IMPLEMENTATIONS = YES;
				CLANG_WARN_DIRECT_OBJC_ISA_USAGE = YES_ERROR;
				CLANG_WARN_DOCUMENTATION_COMMENTS = YES;
				CLANG_WARN_EMPTY_BODY = YES;
				CLANG_WARN_ENUM_CONVERSION = YES;
				CLANG_WARN_INFINITE_RECURSION = YES;
				CLANG_WARN_INT_CONVERSION = YES;
				CLANG_WARN_NON_LITERAL_NULL_CONVERSION = YES;
				CLANG_WARN_OBJC_IMPLICIT_RETAIN_SELF = YES;
				CLANG_WARN_OBJC_LITERAL_CONVERSION = YES;
				CLANG_WARN_OBJC_ROOT_CLASS = YES_ERROR;
				CLANG_WARN_QUOTED_INCLUDE_IN_FRAMEWORK_HEADER = YES;
				CLANG_WARN_RANGE_LOOP_ANALYSIS = YES;
				CLANG_WARN_STRICT_PROTOTYPES = YES;
				CLANG_WARN_SUSPICIOUS_MOVE = YES;
				CLANG_WARN_UNGUARDED_AVAILABILITY = YES_AGGRESSIVE;
				CLANG_WARN_UNREACHABLE_CODE = YES;
				CLANG_WARN__DUPLICATE_METHOD_MATCH = YES;
				COPY_PHASE_STRIP = NO;
				DEBUG_INFORMATION_FORMAT = "dwarf-with-dsym";
				ENABLE_NS_ASSERTIONS = NO;
				ENABLE_STRICT_OBJC_MSGSEND = YES;
				GCC_C_LANGUAGE_STANDARD = gnu11;
				GCC_NO_COMMON_BLOCKS = YES;
				GCC_WARN_64_TO_32_BIT_CONVERSION = YES;
				GCC_WARN_ABOUT_RETURN_TYPE = YES_ERROR;
				GCC_WARN_UNDECLARED_SELECTOR = YES;
				GCC_WARN_UNINITIALIZED_AUTOS = YES_AGGRESSIVE;
				GCC_WARN_UNUSED_FUNCTION = YES;
				GCC_WARN_UNUSED_VARIABLE = YES;
				IPHONEOS_DEPLOYMENT_TARGET = 16.0;
				MTL_ENABLE_DEBUG_INFO = NO;
				MTL_FAST_MATH = YES;
				SDKROOT = iphoneos;
				SWIFT_COMPILATION_MODE = wholemodule;
				SWIFT_OPTIMIZATION_LEVEL = "-O";
				VALIDATE_PRODUCT = YES;
			};
			name = Release;
		};
		0E954B07292E14970089CCE8 /* Debug */ = {
			isa = XCBuildConfiguration;
			buildSettings = {
				ASSETCATALOG_COMPILER_APPICON_NAME = AppIcon;
				ASSETCATALOG_COMPILER_GLOBAL_ACCENT_COLOR_NAME = AccentColor;
				CODE_SIGN_STYLE = Automatic;
				CURRENT_PROJECT_VERSION = 1;
				DEVELOPMENT_TEAM = 625ZX732CB;
				GENERATE_INFOPLIST_FILE = YES;
				INFOPLIST_FILE = MovieInfo/Info.plist;
				INFOPLIST_KEY_UIApplicationSupportsIndirectInputEvents = YES;
				INFOPLIST_KEY_UILaunchStoryboardName = LaunchScreen;
				INFOPLIST_KEY_UIMainStoryboardFile = "";
				INFOPLIST_KEY_UISupportedInterfaceOrientations_iPad = "UIInterfaceOrientationPortrait UIInterfaceOrientationPortraitUpsideDown UIInterfaceOrientationLandscapeLeft UIInterfaceOrientationLandscapeRight";
				INFOPLIST_KEY_UISupportedInterfaceOrientations_iPhone = "UIInterfaceOrientationPortrait UIInterfaceOrientationLandscapeLeft UIInterfaceOrientationLandscapeRight";
				LD_RUNPATH_SEARCH_PATHS = (
					"$(inherited)",
					"@executable_path/Frameworks",
				);
				MARKETING_VERSION = 1.0;
				PRODUCT_BUNDLE_IDENTIFIER = com.kevinharijanto.MovieInfo;
				PRODUCT_NAME = "$(TARGET_NAME)";
				SWIFT_EMIT_LOC_STRINGS = YES;
				SWIFT_VERSION = 5.0;
				TARGETED_DEVICE_FAMILY = "1,2";
			};
			name = Debug;
		};
		0E954B08292E14970089CCE8 /* Release */ = {
			isa = XCBuildConfiguration;
			buildSettings = {
				ASSETCATALOG_COMPILER_APPICON_NAME = AppIcon;
				ASSETCATALOG_COMPILER_GLOBAL_ACCENT_COLOR_NAME = AccentColor;
				CODE_SIGN_STYLE = Automatic;
				CURRENT_PROJECT_VERSION = 1;
				DEVELOPMENT_TEAM = 625ZX732CB;
				GENERATE_INFOPLIST_FILE = YES;
				INFOPLIST_FILE = MovieInfo/Info.plist;
				INFOPLIST_KEY_UIApplicationSupportsIndirectInputEvents = YES;
				INFOPLIST_KEY_UILaunchStoryboardName = LaunchScreen;
				INFOPLIST_KEY_UIMainStoryboardFile = "";
				INFOPLIST_KEY_UISupportedInterfaceOrientations_iPad = "UIInterfaceOrientationPortrait UIInterfaceOrientationPortraitUpsideDown UIInterfaceOrientationLandscapeLeft UIInterfaceOrientationLandscapeRight";
				INFOPLIST_KEY_UISupportedInterfaceOrientations_iPhone = "UIInterfaceOrientationPortrait UIInterfaceOrientationLandscapeLeft UIInterfaceOrientationLandscapeRight";
				LD_RUNPATH_SEARCH_PATHS = (
					"$(inherited)",
					"@executable_path/Frameworks",
				);
				MARKETING_VERSION = 1.0;
				PRODUCT_BUNDLE_IDENTIFIER = com.kevinharijanto.MovieInfo;
				PRODUCT_NAME = "$(TARGET_NAME)";
				SWIFT_EMIT_LOC_STRINGS = YES;
				SWIFT_VERSION = 5.0;
				TARGETED_DEVICE_FAMILY = "1,2";
			};
			name = Release;
		};
/* End XCBuildConfiguration section */

/* Begin XCConfigurationList section */
		0E954AED292E14960089CCE8 /* Build configuration list for PBXProject "MovieInfo" */ = {
			isa = XCConfigurationList;
			buildConfigurations = (
				0E954B04292E14970089CCE8 /* Debug */,
				0E954B05292E14970089CCE8 /* Release */,
			);
			defaultConfigurationIsVisible = 0;
			defaultConfigurationName = Release;
		};
		0E954B06292E14970089CCE8 /* Build configuration list for PBXNativeTarget "MovieInfo" */ = {
			isa = XCConfigurationList;
			buildConfigurations = (
				0E954B07292E14970089CCE8 /* Debug */,
				0E954B08292E14970089CCE8 /* Release */,
			);
			defaultConfigurationIsVisible = 0;
			defaultConfigurationName = Release;
		};
/* End XCConfigurationList section */

/* Begin XCRemoteSwiftPackageReference section */
		0E954B102930CFE60089CCE8 /* XCRemoteSwiftPackageReference "SnapKit" */ = {
			isa = XCRemoteSwiftPackageReference;
			repositoryURL = "https://github.com/SnapKit/SnapKit";
			requirement = {
				branch = develop;
				kind = branch;
			};
		};
		0E954B132930D00E0089CCE8 /* XCRemoteSwiftPackageReference "RxSwift" */ = {
			isa = XCRemoteSwiftPackageReference;
			repositoryURL = "https://github.com/ReactiveX/RxSwift";
			requirement = {
				branch = main;
				kind = branch;
			};
		};
/* End XCRemoteSwiftPackageReference section */

/* Begin XCSwiftPackageProductDependency section */
		0E954B112930CFE60089CCE8 /* SnapKit */ = {
			isa = XCSwiftPackageProductDependency;
			package = 0E954B102930CFE60089CCE8 /* XCRemoteSwiftPackageReference "SnapKit" */;
			productName = SnapKit;
		};
		0E954B142930D00E0089CCE8 /* RxCocoa */ = {
			isa = XCSwiftPackageProductDependency;
			package = 0E954B132930D00E0089CCE8 /* XCRemoteSwiftPackageReference "RxSwift" */;
			productName = RxCocoa;
		};
		0E954B162930D00E0089CCE8 /* RxSwift */ = {
			isa = XCSwiftPackageProductDependency;
			package = 0E954B132930D00E0089CCE8 /* XCRemoteSwiftPackageReference "RxSwift" */;
			productName = RxSwift;
		};
/* End XCSwiftPackageProductDependency section */
	};
	rootObject = 0E954AEA292E14960089CCE8 /* Project object */;
}
